// !$*UTF8*$!
{
	archiveVersion = 1;
	classes = {
	};
	objectVersion = 56;
	objects = {

/* Begin PBXBuildFile section */
		9E10DE912A3292460014524F /* TetherFont.m in Sources */ = {isa = PBXBuildFile; fileRef = 9E10DE902A3292460014524F /* TetherFont.m */; };
		9E9D5AD32A473330007367FF /* src in Resources */ = {isa = PBXBuildFile; fileRef = 9E9D5AD22A473330007367FF /* src */; };
		9E9D5B8E2A3408AD00A7E3BB /* shrek.png in Resources */ = {isa = PBXBuildFile; fileRef = 9E9D5B8D2A3408AD00A7E3BB /* shrek.png */; };
		9E9D5B902A340E3300A7E3BB /* atlas.png in Resources */ = {isa = PBXBuildFile; fileRef = 9E9D5B8F2A340E3300A7E3BB /* atlas.png */; };
		9EB40ACC2A31AE5200DA45F7 /* TetherState.swift in Sources */ = {isa = PBXBuildFile; fileRef = 9EB40ACB2A31AE5200DA45F7 /* TetherState.swift */; };
		9EB40AD12A31AE9100DA45F7 /* AX.swift in Sources */ = {isa = PBXBuildFile; fileRef = 9EB40ACE2A31AE9000DA45F7 /* AX.swift */; };
		9EB40AD22A31AE9100DA45F7 /* AXError.swift in Sources */ = {isa = PBXBuildFile; fileRef = 9EB40ACF2A31AE9100DA45F7 /* AXError.swift */; };
		9EB40AD32A31AE9100DA45F7 /* AXAttribute.swift in Sources */ = {isa = PBXBuildFile; fileRef = 9EB40AD02A31AE9100DA45F7 /* AXAttribute.swift */; };
		9EB5042F2A2FDD1E0062BAE7 /* tetherApp.swift in Sources */ = {isa = PBXBuildFile; fileRef = 9EB5042E2A2FDD1E0062BAE7 /* tetherApp.swift */; };
		9EB504312A2FDD1E0062BAE7 /* ContentView.swift in Sources */ = {isa = PBXBuildFile; fileRef = 9EB504302A2FDD1E0062BAE7 /* ContentView.swift */; };
		9EB504332A2FDD1F0062BAE7 /* Assets.xcassets in Resources */ = {isa = PBXBuildFile; fileRef = 9EB504322A2FDD1F0062BAE7 /* Assets.xcassets */; };
		9EB504362A2FDD1F0062BAE7 /* Preview Assets.xcassets in Resources */ = {isa = PBXBuildFile; fileRef = 9EB504352A2FDD1F0062BAE7 /* Preview Assets.xcassets */; };
		9EB5043E2A2FDD9E0062BAE7 /* EditorView.swift in Sources */ = {isa = PBXBuildFile; fileRef = 9EB5043D2A2FDD9E0062BAE7 /* EditorView.swift */; };
		9EB504402A2FDDCF0062BAE7 /* Shaders.metal in Sources */ = {isa = PBXBuildFile; fileRef = 9EB5043F2A2FDDCF0062BAE7 /* Shaders.metal */; };
		9EB504422A2FDDDE0062BAE7 /* MathUtilities.swift in Sources */ = {isa = PBXBuildFile; fileRef = 9EB504412A2FDDDE0062BAE7 /* MathUtilities.swift */; };
		9EB504462A2FDE1B0062BAE7 /* teapot.obj in Resources */ = {isa = PBXBuildFile; fileRef = 9EB504452A2FDE1B0062BAE7 /* teapot.obj */; };
		9EB5044B2A2FF13F0062BAE7 /* ZigTestView.swift in Sources */ = {isa = PBXBuildFile; fileRef = 9EB5044A2A2FF13F0062BAE7 /* ZigTestView.swift */; };
		9EC0B3FE2ABE4AB6008A989C /* EditorKit.xcframework in Frameworks */ = {isa = PBXBuildFile; fileRef = 9EC0B3FD2ABE4AB6008A989C /* EditorKit.xcframework */; };
/* End PBXBuildFile section */

/* Begin PBXFileReference section */
		9E10DE8F2A3292460014524F /* TetherFont.h */ = {isa = PBXFileReference; lastKnownFileType = sourcecode.c.h; path = TetherFont.h; sourceTree = "<group>"; };
		9E10DE902A3292460014524F /* TetherFont.m */ = {isa = PBXFileReference; lastKnownFileType = sourcecode.c.objc; path = TetherFont.m; sourceTree = "<group>"; };
		9E9D5AD22A473330007367FF /* src */ = {isa = PBXFileReference; fileEncoding = 4; lastKnownFileType = text; name = src; path = editor/src; sourceTree = SOURCE_ROOT; };
		9E9D5B8D2A3408AD00A7E3BB /* shrek.png */ = {isa = PBXFileReference; lastKnownFileType = image.png; path = shrek.png; sourceTree = "<group>"; };
		9E9D5B8F2A340E3300A7E3BB /* atlas.png */ = {isa = PBXFileReference; lastKnownFileType = image.png; name = atlas.png; path = tether/atlas.png; sourceTree = SOURCE_ROOT; };
		9EB40ACB2A31AE5200DA45F7 /* TetherState.swift */ = {isa = PBXFileReference; lastKnownFileType = sourcecode.swift; path = TetherState.swift; sourceTree = "<group>"; };
		9EB40ACE2A31AE9000DA45F7 /* AX.swift */ = {isa = PBXFileReference; fileEncoding = 4; lastKnownFileType = sourcecode.swift; path = AX.swift; sourceTree = "<group>"; };
		9EB40ACF2A31AE9100DA45F7 /* AXError.swift */ = {isa = PBXFileReference; fileEncoding = 4; lastKnownFileType = sourcecode.swift; path = AXError.swift; sourceTree = "<group>"; };
		9EB40AD02A31AE9100DA45F7 /* AXAttribute.swift */ = {isa = PBXFileReference; fileEncoding = 4; lastKnownFileType = sourcecode.swift; path = AXAttribute.swift; sourceTree = "<group>"; };
		9EB5042B2A2FDD1E0062BAE7 /* tether.app */ = {isa = PBXFileReference; explicitFileType = wrapper.application; includeInIndex = 0; path = tether.app; sourceTree = BUILT_PRODUCTS_DIR; };
		9EB5042E2A2FDD1E0062BAE7 /* tetherApp.swift */ = {isa = PBXFileReference; lastKnownFileType = sourcecode.swift; path = tetherApp.swift; sourceTree = "<group>"; };
		9EB504302A2FDD1E0062BAE7 /* ContentView.swift */ = {isa = PBXFileReference; lastKnownFileType = sourcecode.swift; path = ContentView.swift; sourceTree = "<group>"; };
		9EB504322A2FDD1F0062BAE7 /* Assets.xcassets */ = {isa = PBXFileReference; lastKnownFileType = folder.assetcatalog; path = Assets.xcassets; sourceTree = "<group>"; };
		9EB504352A2FDD1F0062BAE7 /* Preview Assets.xcassets */ = {isa = PBXFileReference; lastKnownFileType = folder.assetcatalog; path = "Preview Assets.xcassets"; sourceTree = "<group>"; };
		9EB504372A2FDD1F0062BAE7 /* tether.entitlements */ = {isa = PBXFileReference; lastKnownFileType = text.plist.entitlements; path = tether.entitlements; sourceTree = "<group>"; };
		9EB5043D2A2FDD9E0062BAE7 /* EditorView.swift */ = {isa = PBXFileReference; lastKnownFileType = sourcecode.swift; path = EditorView.swift; sourceTree = "<group>"; };
		9EB5043F2A2FDDCF0062BAE7 /* Shaders.metal */ = {isa = PBXFileReference; lastKnownFileType = sourcecode.metal; path = Shaders.metal; sourceTree = "<group>"; };
		9EB504412A2FDDDE0062BAE7 /* MathUtilities.swift */ = {isa = PBXFileReference; lastKnownFileType = sourcecode.swift; path = MathUtilities.swift; sourceTree = "<group>"; };
		9EB504452A2FDE1B0062BAE7 /* teapot.obj */ = {isa = PBXFileReference; lastKnownFileType = text; path = teapot.obj; sourceTree = "<group>"; };
		9EB5044A2A2FF13F0062BAE7 /* ZigTestView.swift */ = {isa = PBXFileReference; lastKnownFileType = sourcecode.swift; path = ZigTestView.swift; sourceTree = "<group>"; };
		9EB5044C2A2FF1A30062BAE7 /* tether-Bridging-Header.h */ = {isa = PBXFileReference; lastKnownFileType = sourcecode.c.h; path = "tether-Bridging-Header.h"; sourceTree = "<group>"; };
		9EC0B3FD2ABE4AB6008A989C /* EditorKit.xcframework */ = {isa = PBXFileReference; lastKnownFileType = wrapper.xcframework; name = EditorKit.xcframework; path = editor/macos/EditorKit.xcframework; sourceTree = "<group>"; };
/* End PBXFileReference section */

/* Begin PBXFrameworksBuildPhase section */
		9EB504282A2FDD1E0062BAE7 /* Frameworks */ = {
			isa = PBXFrameworksBuildPhase;
			buildActionMask = 2147483647;
			files = (
				9EC0B3FE2ABE4AB6008A989C /* EditorKit.xcframework in Frameworks */,
			);
			runOnlyForDeploymentPostprocessing = 0;
		};
/* End PBXFrameworksBuildPhase section */

/* Begin PBXGroup section */
		9EB40ACD2A31AE5800DA45F7 /* NonFuckedAX */ = {
			isa = PBXGroup;
			children = (
				9EB40ACE2A31AE9000DA45F7 /* AX.swift */,
				9EB40AD02A31AE9100DA45F7 /* AXAttribute.swift */,
				9EB40ACF2A31AE9100DA45F7 /* AXError.swift */,
			);
			path = NonFuckedAX;
			sourceTree = "<group>";
		};
		9EB504222A2FDD1E0062BAE7 = {
			isa = PBXGroup;
			children = (
				9EB5042D2A2FDD1E0062BAE7 /* tether */,
				9EB5042C2A2FDD1E0062BAE7 /* Products */,
				9EB504472A2FEB300062BAE7 /* Frameworks */,
			);
			sourceTree = "<group>";
		};
		9EB5042C2A2FDD1E0062BAE7 /* Products */ = {
			isa = PBXGroup;
			children = (
				9EB5042B2A2FDD1E0062BAE7 /* tether.app */,
			);
			name = Products;
			sourceTree = "<group>";
		};
		9EB5042D2A2FDD1E0062BAE7 /* tether */ = {
			isa = PBXGroup;
			children = (
				9E9D5AD22A473330007367FF /* src */,
				9EB40ACD2A31AE5800DA45F7 /* NonFuckedAX */,
				9EB5043D2A2FDD9E0062BAE7 /* EditorView.swift */,
				9EB5042E2A2FDD1E0062BAE7 /* tetherApp.swift */,
				9EB504302A2FDD1E0062BAE7 /* ContentView.swift */,
				9EB504322A2FDD1F0062BAE7 /* Assets.xcassets */,
				9EB504372A2FDD1F0062BAE7 /* tether.entitlements */,
				9EB504342A2FDD1F0062BAE7 /* Preview Content */,
				9EB5043F2A2FDDCF0062BAE7 /* Shaders.metal */,
				9EB504412A2FDDDE0062BAE7 /* MathUtilities.swift */,
				9E9D5B8D2A3408AD00A7E3BB /* shrek.png */,
				9EB504452A2FDE1B0062BAE7 /* teapot.obj */,
				9E9D5B8F2A340E3300A7E3BB /* atlas.png */,
				9EB5044A2A2FF13F0062BAE7 /* ZigTestView.swift */,
				9EB5044C2A2FF1A30062BAE7 /* tether-Bridging-Header.h */,
				9EB40ACB2A31AE5200DA45F7 /* TetherState.swift */,
				9E10DE8F2A3292460014524F /* TetherFont.h */,
				9E10DE902A3292460014524F /* TetherFont.m */,
			);
			path = tether;
			sourceTree = "<group>";
		};
		9EB504342A2FDD1F0062BAE7 /* Preview Content */ = {
			isa = PBXGroup;
			children = (
				9EB504352A2FDD1F0062BAE7 /* Preview Assets.xcassets */,
			);
			path = "Preview Content";
			sourceTree = "<group>";
		};
		9EB504472A2FEB300062BAE7 /* Frameworks */ = {
			isa = PBXGroup;
			children = (
				9EC0B3FD2ABE4AB6008A989C /* EditorKit.xcframework */,
			);
			name = Frameworks;
			sourceTree = "<group>";
		};
/* End PBXGroup section */

/* Begin PBXNativeTarget section */
		9EB5042A2A2FDD1E0062BAE7 /* tether */ = {
			isa = PBXNativeTarget;
			buildConfigurationList = 9EB5043A2A2FDD1F0062BAE7 /* Build configuration list for PBXNativeTarget "tether" */;
			buildPhases = (
				9EB504272A2FDD1E0062BAE7 /* Sources */,
				9EB504282A2FDD1E0062BAE7 /* Frameworks */,
				9EB504292A2FDD1E0062BAE7 /* Resources */,
			);
			buildRules = (
			);
			dependencies = (
			);
			name = tether;
			productName = tether;
			productReference = 9EB5042B2A2FDD1E0062BAE7 /* tether.app */;
			productType = "com.apple.product-type.application";
		};
/* End PBXNativeTarget section */

/* Begin PBXProject section */
		9EB504232A2FDD1E0062BAE7 /* Project object */ = {
			isa = PBXProject;
			attributes = {
				BuildIndependentTargetsInParallel = 1;
				LastSwiftUpdateCheck = 1430;
				LastUpgradeCheck = 1430;
				TargetAttributes = {
					9EB5042A2A2FDD1E0062BAE7 = {
						CreatedOnToolsVersion = 14.3.1;
						LastSwiftMigration = 1430;
					};
				};
			};
			buildConfigurationList = 9EB504262A2FDD1E0062BAE7 /* Build configuration list for PBXProject "tether" */;
			compatibilityVersion = "Xcode 14.0";
			developmentRegion = en;
			hasScannedForEncodings = 0;
			knownRegions = (
				en,
				Base,
			);
			mainGroup = 9EB504222A2FDD1E0062BAE7;
			productRefGroup = 9EB5042C2A2FDD1E0062BAE7 /* Products */;
			projectDirPath = "";
			projectRoot = "";
			targets = (
				9EB5042A2A2FDD1E0062BAE7 /* tether */,
			);
		};
/* End PBXProject section */

/* Begin PBXResourcesBuildPhase section */
		9EB504292A2FDD1E0062BAE7 /* Resources */ = {
			isa = PBXResourcesBuildPhase;
			buildActionMask = 2147483647;
			files = (
				9EB504362A2FDD1F0062BAE7 /* Preview Assets.xcassets in Resources */,
				9E9D5B902A340E3300A7E3BB /* atlas.png in Resources */,
				9E9D5B8E2A3408AD00A7E3BB /* shrek.png in Resources */,
				9E9D5AD32A473330007367FF /* src in Resources */,
				9EB504332A2FDD1F0062BAE7 /* Assets.xcassets in Resources */,
				9EB504462A2FDE1B0062BAE7 /* teapot.obj in Resources */,
			);
			runOnlyForDeploymentPostprocessing = 0;
		};
/* End PBXResourcesBuildPhase section */

/* Begin PBXSourcesBuildPhase section */
		9EB504272A2FDD1E0062BAE7 /* Sources */ = {
			isa = PBXSourcesBuildPhase;
			buildActionMask = 2147483647;
			files = (
				9EB504402A2FDDCF0062BAE7 /* Shaders.metal in Sources */,
				9EB5043E2A2FDD9E0062BAE7 /* EditorView.swift in Sources */,
				9E10DE912A3292460014524F /* TetherFont.m in Sources */,
				9EB504312A2FDD1E0062BAE7 /* ContentView.swift in Sources */,
				9EB5042F2A2FDD1E0062BAE7 /* tetherApp.swift in Sources */,
				9EB40AD32A31AE9100DA45F7 /* AXAttribute.swift in Sources */,
				9EB40AD22A31AE9100DA45F7 /* AXError.swift in Sources */,
				9EB504422A2FDDDE0062BAE7 /* MathUtilities.swift in Sources */,
				9EB5044B2A2FF13F0062BAE7 /* ZigTestView.swift in Sources */,
				9EB40ACC2A31AE5200DA45F7 /* TetherState.swift in Sources */,
				9EB40AD12A31AE9100DA45F7 /* AX.swift in Sources */,
			);
			runOnlyForDeploymentPostprocessing = 0;
		};
/* End PBXSourcesBuildPhase section */

/* Begin XCBuildConfiguration section */
		9EB504382A2FDD1F0062BAE7 /* Debug */ = {
			isa = XCBuildConfiguration;
			buildSettings = {
				ALWAYS_SEARCH_USER_PATHS = NO;
				CLANG_ANALYZER_NONNULL = YES;
				CLANG_ANALYZER_NUMBER_OBJECT_CONVERSION = YES_AGGRESSIVE;
				CLANG_CXX_LANGUAGE_STANDARD = "gnu++20";
				CLANG_ENABLE_MODULES = YES;
				CLANG_ENABLE_OBJC_ARC = YES;
				CLANG_ENABLE_OBJC_WEAK = YES;
				CLANG_WARN_BLOCK_CAPTURE_AUTORELEASING = YES;
				CLANG_WARN_BOOL_CONVERSION = YES;
				CLANG_WARN_COMMA = YES;
				CLANG_WARN_CONSTANT_CONVERSION = YES;
				CLANG_WARN_DEPRECATED_OBJC_IMPLEMENTATIONS = YES;
				CLANG_WARN_DIRECT_OBJC_ISA_USAGE = YES_ERROR;
				CLANG_WARN_DOCUMENTATION_COMMENTS = YES;
				CLANG_WARN_EMPTY_BODY = YES;
				CLANG_WARN_ENUM_CONVERSION = YES;
				CLANG_WARN_INFINITE_RECURSION = YES;
				CLANG_WARN_INT_CONVERSION = YES;
				CLANG_WARN_NON_LITERAL_NULL_CONVERSION = YES;
				CLANG_WARN_OBJC_IMPLICIT_RETAIN_SELF = YES;
				CLANG_WARN_OBJC_LITERAL_CONVERSION = YES;
				CLANG_WARN_OBJC_ROOT_CLASS = YES_ERROR;
				CLANG_WARN_QUOTED_INCLUDE_IN_FRAMEWORK_HEADER = YES;
				CLANG_WARN_RANGE_LOOP_ANALYSIS = YES;
				CLANG_WARN_STRICT_PROTOTYPES = YES;
				CLANG_WARN_SUSPICIOUS_MOVE = YES;
				CLANG_WARN_UNGUARDED_AVAILABILITY = YES_AGGRESSIVE;
				CLANG_WARN_UNREACHABLE_CODE = YES;
				CLANG_WARN__DUPLICATE_METHOD_MATCH = YES;
				COPY_PHASE_STRIP = NO;
				DEBUG_INFORMATION_FORMAT = dwarf;
				ENABLE_STRICT_OBJC_MSGSEND = YES;
				ENABLE_TESTABILITY = YES;
				GCC_C_LANGUAGE_STANDARD = gnu11;
				GCC_DYNAMIC_NO_PIC = NO;
				GCC_NO_COMMON_BLOCKS = YES;
				GCC_OPTIMIZATION_LEVEL = 0;
				GCC_PREPROCESSOR_DEFINITIONS = (
					"DEBUG=1",
					"$(inherited)",
				);
				GCC_WARN_64_TO_32_BIT_CONVERSION = YES;
				GCC_WARN_ABOUT_RETURN_TYPE = YES_ERROR;
				GCC_WARN_UNDECLARED_SELECTOR = YES;
				GCC_WARN_UNINITIALIZED_AUTOS = YES_AGGRESSIVE;
				GCC_WARN_UNUSED_FUNCTION = YES;
				GCC_WARN_UNUSED_VARIABLE = YES;
				MACOSX_DEPLOYMENT_TARGET = 13.3;
				MTL_ENABLE_DEBUG_INFO = INCLUDE_SOURCE;
				MTL_FAST_MATH = YES;
				ONLY_ACTIVE_ARCH = YES;
				SDKROOT = macosx;
				SWIFT_ACTIVE_COMPILATION_CONDITIONS = DEBUG;
				SWIFT_OPTIMIZATION_LEVEL = "-Onone";
			};
			name = Debug;
		};
		9EB504392A2FDD1F0062BAE7 /* Release */ = {
			isa = XCBuildConfiguration;
			buildSettings = {
				ALWAYS_SEARCH_USER_PATHS = NO;
				CLANG_ANALYZER_NONNULL = YES;
				CLANG_ANALYZER_NUMBER_OBJECT_CONVERSION = YES_AGGRESSIVE;
				CLANG_CXX_LANGUAGE_STANDARD = "gnu++20";
				CLANG_ENABLE_MODULES = YES;
				CLANG_ENABLE_OBJC_ARC = YES;
				CLANG_ENABLE_OBJC_WEAK = YES;
				CLANG_WARN_BLOCK_CAPTURE_AUTORELEASING = YES;
				CLANG_WARN_BOOL_CONVERSION = YES;
				CLANG_WARN_COMMA = YES;
				CLANG_WARN_CONSTANT_CONVERSION = YES;
				CLANG_WARN_DEPRECATED_OBJC_IMPLEMENTATIONS = YES;
				CLANG_WARN_DIRECT_OBJC_ISA_USAGE = YES_ERROR;
				CLANG_WARN_DOCUMENTATION_COMMENTS = YES;
				CLANG_WARN_EMPTY_BODY = YES;
				CLANG_WARN_ENUM_CONVERSION = YES;
				CLANG_WARN_INFINITE_RECURSION = YES;
				CLANG_WARN_INT_CONVERSION = YES;
				CLANG_WARN_NON_LITERAL_NULL_CONVERSION = YES;
				CLANG_WARN_OBJC_IMPLICIT_RETAIN_SELF = YES;
				CLANG_WARN_OBJC_LITERAL_CONVERSION = YES;
				CLANG_WARN_OBJC_ROOT_CLASS = YES_ERROR;
				CLANG_WARN_QUOTED_INCLUDE_IN_FRAMEWORK_HEADER = YES;
				CLANG_WARN_RANGE_LOOP_ANALYSIS = YES;
				CLANG_WARN_STRICT_PROTOTYPES = YES;
				CLANG_WARN_SUSPICIOUS_MOVE = YES;
				CLANG_WARN_UNGUARDED_AVAILABILITY = YES_AGGRESSIVE;
				CLANG_WARN_UNREACHABLE_CODE = YES;
				CLANG_WARN__DUPLICATE_METHOD_MATCH = YES;
				COPY_PHASE_STRIP = NO;
				DEBUG_INFORMATION_FORMAT = "dwarf-with-dsym";
				ENABLE_NS_ASSERTIONS = NO;
				ENABLE_STRICT_OBJC_MSGSEND = YES;
				GCC_C_LANGUAGE_STANDARD = gnu11;
				GCC_NO_COMMON_BLOCKS = YES;
				GCC_WARN_64_TO_32_BIT_CONVERSION = YES;
				GCC_WARN_ABOUT_RETURN_TYPE = YES_ERROR;
				GCC_WARN_UNDECLARED_SELECTOR = YES;
				GCC_WARN_UNINITIALIZED_AUTOS = YES_AGGRESSIVE;
				GCC_WARN_UNUSED_FUNCTION = YES;
				GCC_WARN_UNUSED_VARIABLE = YES;
				MACOSX_DEPLOYMENT_TARGET = 13.3;
				MTL_ENABLE_DEBUG_INFO = NO;
				MTL_FAST_MATH = YES;
				SDKROOT = macosx;
				SWIFT_COMPILATION_MODE = wholemodule;
				SWIFT_OPTIMIZATION_LEVEL = "-O";
			};
			name = Release;
		};
		9EB5043B2A2FDD1F0062BAE7 /* Debug */ = {
			isa = XCBuildConfiguration;
			buildSettings = {
				ASSETCATALOG_COMPILER_APPICON_NAME = AppIcon;
				ASSETCATALOG_COMPILER_GLOBAL_ACCENT_COLOR_NAME = AccentColor;
				CLANG_ENABLE_MODULES = YES;
				CODE_SIGN_ENTITLEMENTS = tether/tether.entitlements;
				CODE_SIGN_STYLE = Automatic;
				COMBINE_HIDPI_IMAGES = YES;
				CURRENT_PROJECT_VERSION = 1;
				DEVELOPMENT_ASSET_PATHS = "\"tether/Preview Content\"";
				DEVELOPMENT_TEAM = 469ZHHB7ZW;
				ENABLE_HARDENED_RUNTIME = YES;
				ENABLE_PREVIEWS = YES;
				GENERATE_INFOPLIST_FILE = YES;
				INFOPLIST_KEY_LSUIElement = NO;
				INFOPLIST_KEY_NSHumanReadableCopyright = "";
				LD_RUNPATH_SEARCH_PATHS = (
					"$(inherited)",
					"@executable_path/../Frameworks",
				);
				MARKETING_VERSION = 1.0;
				PRODUCT_BUNDLE_IDENTIFIER = com.theradisic.tether;
				PRODUCT_NAME = "$(TARGET_NAME)";
				SWIFT_EMIT_LOC_STRINGS = YES;
				SWIFT_OBJC_BRIDGING_HEADER = "tether/tether-Bridging-Header.h";
				SWIFT_OPTIMIZATION_LEVEL = "-Onone";
				SWIFT_VERSION = 5.0;
			};
			name = Debug;
		};
		9EB5043C2A2FDD1F0062BAE7 /* Release */ = {
			isa = XCBuildConfiguration;
			buildSettings = {
				ASSETCATALOG_COMPILER_APPICON_NAME = AppIcon;
				ASSETCATALOG_COMPILER_GLOBAL_ACCENT_COLOR_NAME = AccentColor;
				CLANG_ENABLE_MODULES = YES;
				CODE_SIGN_ENTITLEMENTS = tether/tether.entitlements;
				CODE_SIGN_STYLE = Automatic;
				COMBINE_HIDPI_IMAGES = YES;
				CURRENT_PROJECT_VERSION = 1;
				DEVELOPMENT_ASSET_PATHS = "\"tether/Preview Content\"";
				DEVELOPMENT_TEAM = 469ZHHB7ZW;
				ENABLE_HARDENED_RUNTIME = YES;
				ENABLE_PREVIEWS = YES;
				GENERATE_INFOPLIST_FILE = YES;
				INFOPLIST_KEY_LSUIElement = NO;
				INFOPLIST_KEY_NSHumanReadableCopyright = "";
				LD_RUNPATH_SEARCH_PATHS = (
					"$(inherited)",
					"@executable_path/../Frameworks",
				);
				MARKETING_VERSION = 1.0;
				PRODUCT_BUNDLE_IDENTIFIER = com.theradisic.tether;
				PRODUCT_NAME = "$(TARGET_NAME)";
				SWIFT_EMIT_LOC_STRINGS = YES;
				SWIFT_OBJC_BRIDGING_HEADER = "tether/tether-Bridging-Header.h";
				SWIFT_VERSION = 5.0;
			};
			name = Release;
		};
/* End XCBuildConfiguration section */

/* Begin XCConfigurationList section */
		9EB504262A2FDD1E0062BAE7 /* Build configuration list for PBXProject "tether" */ = {
			isa = XCConfigurationList;
			buildConfigurations = (
				9EB504382A2FDD1F0062BAE7 /* Debug */,
				9EB504392A2FDD1F0062BAE7 /* Release */,
			);
			defaultConfigurationIsVisible = 0;
			defaultConfigurationName = Release;
		};
		9EB5043A2A2FDD1F0062BAE7 /* Build configuration list for PBXNativeTarget "tether" */ = {
			isa = XCConfigurationList;
			buildConfigurations = (
				9EB5043B2A2FDD1F0062BAE7 /* Debug */,
				9EB5043C2A2FDD1F0062BAE7 /* Release */,
			);
			defaultConfigurationIsVisible = 0;
			defaultConfigurationName = Release;
		};
/* End XCConfigurationList section */
	};
	rootObject = 9EB504232A2FDD1E0062BAE7 /* Project object */;
}
